
Microsoft Visual Studio Solution File, Format Version 12.00
# Visual Studio Version 17
VisualStudioVersion = 17.1.32210.238
MinimumVisualStudioVersion = 10.0.40219.1
Project("{FAE04EC0-301F-11D3-BF4B-00C04F79EFBC}") = "GenericsAssignment", "GenericsAssignment\GenericsAssignment.csproj", "{CE2536CB-1D78-416C-A3E7-C1873740D911}"
EndProject
Global
	GlobalSection(SolutionConfigurationPlatforms) = preSolution
		Debug|Any CPU = Debug|Any CPU
		Release|Any CPU = Release|Any CPU
	EndGlobalSection
	GlobalSection(ProjectConfigurationPlatforms) = postSolution
		{CE2536CB-1D78-416C-A3E7-C1873740D911}.Debug|Any CPU.ActiveCfg = Debug|Any CPU
		{CE2536CB-1D78-416C-A3E7-C1873740D911}.Debug|Any CPU.Build.0 = Debug|Any CPU
		{CE2536CB-1D78-416C-A3E7-C1873740D911}.Release|Any CPU.ActiveCfg = Release|Any CPU
		{CE2536CB-1D78-416C-A3E7-C1873740D911}.Release|Any CPU.Build.0 = Release|Any CPU
	EndGlobalSection
	GlobalSection(SolutionProperties) = preSolution
		HideSolutionNode = FALSE
	EndGlobalSection
	GlobalSection(ExtensibilityGlobals) = postSolution
		SolutionGuid = {C5CB1D70-1D99-4BFC-8200-2B1ABC7C58E5}
	EndGlobalSection
EndGlobal
